// !$*UTF8*$!
{
	archiveVersion = 1;
	classes = {
	};
	objectVersion = 55;
	objects = {

/* Begin PBXBuildFile section */
		29062C1B13CA7C11DF6B71BD /* Pods_Chatty.framework in Frameworks */ = {isa = PBXBuildFile; fileRef = 9E68644798A57684C11B780C /* Pods_Chatty.framework */; };
		4937ACBA280ED282001C5BE2 /* ChattyFont.ttf in Resources */ = {isa = PBXBuildFile; fileRef = 4937ACB9280ED282001C5BE2 /* ChattyFont.ttf */; };
		4937ACBC280EEC61001C5BE2 /* Roboto-Regular.ttf in Resources */ = {isa = PBXBuildFile; fileRef = 4937ACBB280EEC61001C5BE2 /* Roboto-Regular.ttf */; };
		4937ACBE280EF852001C5BE2 /* LoginViewController.swift in Sources */ = {isa = PBXBuildFile; fileRef = 4937ACBD280EF852001C5BE2 /* LoginViewController.swift */; };
		4937ACC0280EF862001C5BE2 /* RegisterViewController.swift in Sources */ = {isa = PBXBuildFile; fileRef = 4937ACBF280EF862001C5BE2 /* RegisterViewController.swift */; };
		4937ACC2280EF872001C5BE2 /* ChatViewController.swift in Sources */ = {isa = PBXBuildFile; fileRef = 4937ACC1280EF872001C5BE2 /* ChatViewController.swift */; };
		49A7BF67280EAAF900643067 /* AppDelegate.swift in Sources */ = {isa = PBXBuildFile; fileRef = 49A7BF66280EAAF900643067 /* AppDelegate.swift */; };
		49A7BF69280EAAF900643067 /* SceneDelegate.swift in Sources */ = {isa = PBXBuildFile; fileRef = 49A7BF68280EAAF900643067 /* SceneDelegate.swift */; };
		49A7BF6B280EAAF900643067 /* WelcomeViewController.swift in Sources */ = {isa = PBXBuildFile; fileRef = 49A7BF6A280EAAF900643067 /* WelcomeViewController.swift */; };
		49A7BF6E280EAAF900643067 /* Main.storyboard in Resources */ = {isa = PBXBuildFile; fileRef = 49A7BF6C280EAAF900643067 /* Main.storyboard */; };
		49A7BF73280EAAFE00643067 /* LaunchScreen.storyboard in Resources */ = {isa = PBXBuildFile; fileRef = 49A7BF71280EAAFE00643067 /* LaunchScreen.storyboard */; };
		49A7BF7B280EB36100643067 /* Assets.xcassets in Resources */ = {isa = PBXBuildFile; fileRef = 49A7BF7A280EB36100643067 /* Assets.xcassets */; };
		49A7BF7D280ECA0900643067 /* Constants.swift in Sources */ = {isa = PBXBuildFile; fileRef = 49A7BF7C280ECA0900643067 /* Constants.swift */; };
		49F1AF55280F34EE00BF7B89 /* Message.swift in Sources */ = {isa = PBXBuildFile; fileRef = 49F1AF54280F34EE00BF7B89 /* Message.swift */; };
		49F1AF5A280F46E000BF7B89 /* MessageCell.swift in Sources */ = {isa = PBXBuildFile; fileRef = 49F1AF58280F46E000BF7B89 /* MessageCell.swift */; };
		49F1AF5B280F46E000BF7B89 /* MessageCell.xib in Resources */ = {isa = PBXBuildFile; fileRef = 49F1AF59280F46E000BF7B89 /* MessageCell.xib */; };
		49FD216828107E9D0069B14B /* GoogleService-Info.plist in Resources */ = {isa = PBXBuildFile; fileRef = 49FD216728107E9D0069B14B /* GoogleService-Info.plist */; };
/* End PBXBuildFile section */

/* Begin PBXFileReference section */
		4937ACB9280ED282001C5BE2 /* ChattyFont.ttf */ = {isa = PBXFileReference; lastKnownFileType = file; path = ChattyFont.ttf; sourceTree = "<group>"; };
		4937ACBB280EEC61001C5BE2 /* Roboto-Regular.ttf */ = {isa = PBXFileReference; lastKnownFileType = file; path = "Roboto-Regular.ttf"; sourceTree = "<group>"; };
		4937ACBD280EF852001C5BE2 /* LoginViewController.swift */ = {isa = PBXFileReference; lastKnownFileType = sourcecode.swift; path = LoginViewController.swift; sourceTree = "<group>"; };
		4937ACBF280EF862001C5BE2 /* RegisterViewController.swift */ = {isa = PBXFileReference; lastKnownFileType = sourcecode.swift; path = RegisterViewController.swift; sourceTree = "<group>"; };
		4937ACC1280EF872001C5BE2 /* ChatViewController.swift */ = {isa = PBXFileReference; lastKnownFileType = sourcecode.swift; path = ChatViewController.swift; sourceTree = "<group>"; };
		49A7BF63280EAAF900643067 /* Chatty.app */ = {isa = PBXFileReference; explicitFileType = wrapper.application; includeInIndex = 0; path = Chatty.app; sourceTree = BUILT_PRODUCTS_DIR; };
		49A7BF66280EAAF900643067 /* AppDelegate.swift */ = {isa = PBXFileReference; lastKnownFileType = sourcecode.swift; path = AppDelegate.swift; sourceTree = "<group>"; };
		49A7BF68280EAAF900643067 /* SceneDelegate.swift */ = {isa = PBXFileReference; lastKnownFileType = sourcecode.swift; path = SceneDelegate.swift; sourceTree = "<group>"; };
		49A7BF6A280EAAF900643067 /* WelcomeViewController.swift */ = {isa = PBXFileReference; lastKnownFileType = sourcecode.swift; path = WelcomeViewController.swift; sourceTree = "<group>"; };
		49A7BF6D280EAAF900643067 /* Base */ = {isa = PBXFileReference; lastKnownFileType = file.storyboard; name = Base; path = Base.lproj/Main.storyboard; sourceTree = "<group>"; };
		49A7BF72280EAAFE00643067 /* Base */ = {isa = PBXFileReference; lastKnownFileType = file.storyboard; name = Base; path = Base.lproj/LaunchScreen.storyboard; sourceTree = "<group>"; };
		49A7BF74280EAAFE00643067 /* Info.plist */ = {isa = PBXFileReference; lastKnownFileType = text.plist.xml; path = Info.plist; sourceTree = "<group>"; };
		49A7BF7A280EB36100643067 /* Assets.xcassets */ = {isa = PBXFileReference; lastKnownFileType = folder.assetcatalog; path = Assets.xcassets; sourceTree = "<group>"; };
		49A7BF7C280ECA0900643067 /* Constants.swift */ = {isa = PBXFileReference; lastKnownFileType = sourcecode.swift; path = Constants.swift; sourceTree = "<group>"; };
		49F1AF54280F34EE00BF7B89 /* Message.swift */ = {isa = PBXFileReference; lastKnownFileType = sourcecode.swift; path = Message.swift; sourceTree = "<group>"; };
		49F1AF58280F46E000BF7B89 /* MessageCell.swift */ = {isa = PBXFileReference; lastKnownFileType = sourcecode.swift; path = MessageCell.swift; sourceTree = "<group>"; };
		49F1AF59280F46E000BF7B89 /* MessageCell.xib */ = {isa = PBXFileReference; lastKnownFileType = file.xib; path = MessageCell.xib; sourceTree = "<group>"; };
		49FD216728107E9D0069B14B /* GoogleService-Info.plist */ = {isa = PBXFileReference; fileEncoding = 4; lastKnownFileType = text.plist.xml; name = "GoogleService-Info.plist"; path = "../../../../Downloads/GoogleService-Info.plist"; sourceTree = "<group>"; };
		9E68644798A57684C11B780C /* Pods_Chatty.framework */ = {isa = PBXFileReference; explicitFileType = wrapper.framework; includeInIndex = 0; path = Pods_Chatty.framework; sourceTree = BUILT_PRODUCTS_DIR; };
		B5BFD1A6181F02C83356BBE8 /* Pods-Chatty.debug.xcconfig */ = {isa = PBXFileReference; includeInIndex = 1; lastKnownFileType = text.xcconfig; name = "Pods-Chatty.debug.xcconfig"; path = "Target Support Files/Pods-Chatty/Pods-Chatty.debug.xcconfig"; sourceTree = "<group>"; };
		CF0D7C246642EE902E8B2EB7 /* Pods-Chatty.release.xcconfig */ = {isa = PBXFileReference; includeInIndex = 1; lastKnownFileType = text.xcconfig; name = "Pods-Chatty.release.xcconfig"; path = "Target Support Files/Pods-Chatty/Pods-Chatty.release.xcconfig"; sourceTree = "<group>"; };
/* End PBXFileReference section */

/* Begin PBXFrameworksBuildPhase section */
		49A7BF60280EAAF900643067 /* Frameworks */ = {
			isa = PBXFrameworksBuildPhase;
			buildActionMask = 2147483647;
			files = (
				29062C1B13CA7C11DF6B71BD /* Pods_Chatty.framework in Frameworks */,
			);
			runOnlyForDeploymentPostprocessing = 0;
		};
/* End PBXFrameworksBuildPhase section */

/* Begin PBXGroup section */
		4937ACC3280EFC45001C5BE2 /* Fonts */ = {
			isa = PBXGroup;
			children = (
				4937ACB9280ED282001C5BE2 /* ChattyFont.ttf */,
				4937ACBB280EEC61001C5BE2 /* Roboto-Regular.ttf */,
			);
			path = Fonts;
			sourceTree = "<group>";
		};
		49A7BF5A280EAAF900643067 = {
			isa = PBXGroup;
			children = (
				49A7BF65280EAAF900643067 /* Chatty */,
				49A7BF64280EAAF900643067 /* Products */,
				C0EA70F92DF4FB7F22762D43 /* Pods */,
				76206D2CFE77CE6C91B3A4AF /* Frameworks */,
			);
			sourceTree = "<group>";
		};
		49A7BF64280EAAF900643067 /* Products */ = {
			isa = PBXGroup;
			children = (
				49A7BF63280EAAF900643067 /* Chatty.app */,
			);
			name = Products;
			sourceTree = "<group>";
		};
		49A7BF65280EAAF900643067 /* Chatty */ = {
			isa = PBXGroup;
			children = (
				49A7BF80280ECA4200643067 /* Model */,
				49A7BF66280EAAF900643067 /* AppDelegate.swift */,
				49A7BF68280EAAF900643067 /* SceneDelegate.swift */,
				49A7BF7F280ECA3900643067 /* Controller */,
				49A7BF7E280ECA3300643067 /* View */,
				49A7BF74280EAAFE00643067 /* Info.plist */,
				49FD216728107E9D0069B14B /* GoogleService-Info.plist */,
				49A7BF7A280EB36100643067 /* Assets.xcassets */,
				49A7BF7C280ECA0900643067 /* Constants.swift */,
				4937ACC3280EFC45001C5BE2 /* Fonts */,
			);
			path = Chatty;
			sourceTree = "<group>";
		};
		49A7BF7E280ECA3300643067 /* View */ = {
			isa = PBXGroup;
			children = (
				49A7BF6C280EAAF900643067 /* Main.storyboard */,
				49A7BF71280EAAFE00643067 /* LaunchScreen.storyboard */,
				49F1AF58280F46E000BF7B89 /* MessageCell.swift */,
				49F1AF59280F46E000BF7B89 /* MessageCell.xib */,
			);
			path = View;
			sourceTree = "<group>";
		};
		49A7BF7F280ECA3900643067 /* Controller */ = {
			isa = PBXGroup;
			children = (
				49A7BF6A280EAAF900643067 /* WelcomeViewController.swift */,
				4937ACBD280EF852001C5BE2 /* LoginViewController.swift */,
				4937ACBF280EF862001C5BE2 /* RegisterViewController.swift */,
				4937ACC1280EF872001C5BE2 /* ChatViewController.swift */,
			);
			path = Controller;
			sourceTree = "<group>";
		};
		49A7BF80280ECA4200643067 /* Model */ = {
			isa = PBXGroup;
			children = (
				49F1AF54280F34EE00BF7B89 /* Message.swift */,
			);
			path = Model;
			sourceTree = "<group>";
		};
		76206D2CFE77CE6C91B3A4AF /* Frameworks */ = {
			isa = PBXGroup;
			children = (
				9E68644798A57684C11B780C /* Pods_Chatty.framework */,
			);
			name = Frameworks;
			sourceTree = "<group>";
		};
		C0EA70F92DF4FB7F22762D43 /* Pods */ = {
			isa = PBXGroup;
			children = (
				B5BFD1A6181F02C83356BBE8 /* Pods-Chatty.debug.xcconfig */,
				CF0D7C246642EE902E8B2EB7 /* Pods-Chatty.release.xcconfig */,
			);
			path = Pods;
			sourceTree = "<group>";
		};
/* End PBXGroup section */

/* Begin PBXNativeTarget section */
		49A7BF62280EAAF900643067 /* Chatty */ = {
			isa = PBXNativeTarget;
			buildConfigurationList = 49A7BF77280EAAFE00643067 /* Build configuration list for PBXNativeTarget "Chatty" */;
			buildPhases = (
				26D3C3B883BE8C5A14080EC4 /* [CP] Check Pods Manifest.lock */,
				49A7BF5F280EAAF900643067 /* Sources */,
				49A7BF60280EAAF900643067 /* Frameworks */,
				49A7BF61280EAAF900643067 /* Resources */,
				F214987C967FDC937E366EAF /* [CP] Embed Pods Frameworks */,
			);
			buildRules = (
			);
			dependencies = (
			);
			name = Chatty;
			productName = Chatty;
			productReference = 49A7BF63280EAAF900643067 /* Chatty.app */;
			productType = "com.apple.product-type.application";
		};
/* End PBXNativeTarget section */

/* Begin PBXProject section */
		49A7BF5B280EAAF900643067 /* Project object */ = {
			isa = PBXProject;
			attributes = {
				BuildIndependentTargetsInParallel = 1;
				LastSwiftUpdateCheck = 1320;
				LastUpgradeCheck = 1320;
				TargetAttributes = {
					49A7BF62280EAAF900643067 = {
						CreatedOnToolsVersion = 13.2.1;
					};
				};
			};
			buildConfigurationList = 49A7BF5E280EAAF900643067 /* Build configuration list for PBXProject "Chatty" */;
			compatibilityVersion = "Xcode 13.0";
			developmentRegion = en;
			hasScannedForEncodings = 0;
			knownRegions = (
				en,
				Base,
			);
			mainGroup = 49A7BF5A280EAAF900643067;
			productRefGroup = 49A7BF64280EAAF900643067 /* Products */;
			projectDirPath = "";
			projectRoot = "";
			targets = (
				49A7BF62280EAAF900643067 /* Chatty */,
			);
		};
/* End PBXProject section */

/* Begin PBXResourcesBuildPhase section */
		49A7BF61280EAAF900643067 /* Resources */ = {
			isa = PBXResourcesBuildPhase;
			buildActionMask = 2147483647;
			files = (
				49A7BF73280EAAFE00643067 /* LaunchScreen.storyboard in Resources */,
				49A7BF7B280EB36100643067 /* Assets.xcassets in Resources */,
				4937ACBC280EEC61001C5BE2 /* Roboto-Regular.ttf in Resources */,
				4937ACBA280ED282001C5BE2 /* ChattyFont.ttf in Resources */,
				49A7BF6E280EAAF900643067 /* Main.storyboard in Resources */,
				49F1AF5B280F46E000BF7B89 /* MessageCell.xib in Resources */,
				49FD216828107E9D0069B14B /* GoogleService-Info.plist in Resources */,
			);
			runOnlyForDeploymentPostprocessing = 0;
		};
/* End PBXResourcesBuildPhase section */

/* Begin PBXShellScriptBuildPhase section */
		26D3C3B883BE8C5A14080EC4 /* [CP] Check Pods Manifest.lock */ = {
			isa = PBXShellScriptBuildPhase;
			buildActionMask = 2147483647;
			files = (
			);
			inputFileListPaths = (
			);
			inputPaths = (
				"${PODS_PODFILE_DIR_PATH}/Podfile.lock",
				"${PODS_ROOT}/Manifest.lock",
			);
			name = "[CP] Check Pods Manifest.lock";
			outputFileListPaths = (
			);
			outputPaths = (
				"$(DERIVED_FILE_DIR)/Pods-Chatty-checkManifestLockResult.txt",
			);
			runOnlyForDeploymentPostprocessing = 0;
			shellPath = /bin/sh;
			shellScript = "diff \"${PODS_PODFILE_DIR_PATH}/Podfile.lock\" \"${PODS_ROOT}/Manifest.lock\" > /dev/null\nif [ $? != 0 ] ; then\n    # print error to STDERR\n    echo \"error: The sandbox is not in sync with the Podfile.lock. Run 'pod install' or update your CocoaPods installation.\" >&2\n    exit 1\nfi\n# This output is used by Xcode 'outputs' to avoid re-running this script phase.\necho \"SUCCESS\" > \"${SCRIPT_OUTPUT_FILE_0}\"\n";
			showEnvVarsInLog = 0;
		};
		F214987C967FDC937E366EAF /* [CP] Embed Pods Frameworks */ = {
			isa = PBXShellScriptBuildPhase;
			buildActionMask = 2147483647;
			files = (
			);
			inputFileListPaths = (
				"${PODS_ROOT}/Target Support Files/Pods-Chatty/Pods-Chatty-frameworks-${CONFIGURATION}-input-files.xcfilelist",
			);
			name = "[CP] Embed Pods Frameworks";
			outputFileListPaths = (
				"${PODS_ROOT}/Target Support Files/Pods-Chatty/Pods-Chatty-frameworks-${CONFIGURATION}-output-files.xcfilelist",
			);
			runOnlyForDeploymentPostprocessing = 0;
			shellPath = /bin/sh;
			shellScript = "\"${PODS_ROOT}/Target Support Files/Pods-Chatty/Pods-Chatty-frameworks.sh\"\n";
			showEnvVarsInLog = 0;
		};
/* End PBXShellScriptBuildPhase section */

/* Begin PBXSourcesBuildPhase section */
		49A7BF5F280EAAF900643067 /* Sources */ = {
			isa = PBXSourcesBuildPhase;
			buildActionMask = 2147483647;
			files = (
				49A7BF6B280EAAF900643067 /* WelcomeViewController.swift in Sources */,
				49A7BF67280EAAF900643067 /* AppDelegate.swift in Sources */,
				49A7BF69280EAAF900643067 /* SceneDelegate.swift in Sources */,
				4937ACC2280EF872001C5BE2 /* ChatViewController.swift in Sources */,
				4937ACC0280EF862001C5BE2 /* RegisterViewController.swift in Sources */,
				49F1AF55280F34EE00BF7B89 /* Message.swift in Sources */,
				4937ACBE280EF852001C5BE2 /* LoginViewController.swift in Sources */,
				49A7BF7D280ECA0900643067 /* Constants.swift in Sources */,
				49F1AF5A280F46E000BF7B89 /* MessageCell.swift in Sources */,
			);
			runOnlyForDeploymentPostprocessing = 0;
		};
/* End PBXSourcesBuildPhase section */

/* Begin PBXVariantGroup section */
		49A7BF6C280EAAF900643067 /* Main.storyboard */ = {
			isa = PBXVariantGroup;
			children = (
				49A7BF6D280EAAF900643067 /* Base */,
			);
			name = Main.storyboard;
			sourceTree = "<group>";
		};
		49A7BF71280EAAFE00643067 /* LaunchScreen.storyboard */ = {
			isa = PBXVariantGroup;
			children = (
				49A7BF72280EAAFE00643067 /* Base */,
			);
			name = LaunchScreen.storyboard;
			sourceTree = "<group>";
		};
/* End PBXVariantGroup section */

/* Begin XCBuildConfiguration section */
		49A7BF75280EAAFE00643067 /* Debug */ = {
			isa = XCBuildConfiguration;
			buildSettings = {
				ALWAYS_SEARCH_USER_PATHS = NO;
				CLANG_ANALYZER_NONNULL = YES;
				CLANG_ANALYZER_NUMBER_OBJECT_CONVERSION = YES_AGGRESSIVE;
				CLANG_CXX_LANGUAGE_STANDARD = "gnu++17";
				CLANG_CXX_LIBRARY = "libc++";
				CLANG_ENABLE_MODULES = YES;
				CLANG_ENABLE_OBJC_ARC = YES;
				CLANG_ENABLE_OBJC_WEAK = YES;
				CLANG_WARN_BLOCK_CAPTURE_AUTORELEASING = YES;
				CLANG_WARN_BOOL_CONVERSION = YES;
				CLANG_WARN_COMMA = YES;
				CLANG_WARN_CONSTANT_CONVERSION = YES;
				CLANG_WARN_DEPRECATED_OBJC_IMPLEMENTATIONS = YES;
				CLANG_WARN_DIRECT_OBJC_ISA_USAGE = YES_ERROR;
				CLANG_WARN_DOCUMENTATION_COMMENTS = YES;
				CLANG_WARN_EMPTY_BODY = YES;
				CLANG_WARN_ENUM_CONVERSION = YES;
				CLANG_WARN_INFINITE_RECURSION = YES;
				CLANG_WARN_INT_CONVERSION = YES;
				CLANG_WARN_NON_LITERAL_NULL_CONVERSION = YES;
				CLANG_WARN_OBJC_IMPLICIT_RETAIN_SELF = YES;
				CLANG_WARN_OBJC_LITERAL_CONVERSION = YES;
				CLANG_WARN_OBJC_ROOT_CLASS = YES_ERROR;
				CLANG_WARN_QUOTED_INCLUDE_IN_FRAMEWORK_HEADER = YES;
				CLANG_WARN_RANGE_LOOP_ANALYSIS = YES;
				CLANG_WARN_STRICT_PROTOTYPES = YES;
				CLANG_WARN_SUSPICIOUS_MOVE = YES;
				CLANG_WARN_UNGUARDED_AVAILABILITY = YES_AGGRESSIVE;
				CLANG_WARN_UNREACHABLE_CODE = YES;
				CLANG_WARN__DUPLICATE_METHOD_MATCH = YES;
				COPY_PHASE_STRIP = NO;
				DEBUG_INFORMATION_FORMAT = dwarf;
				ENABLE_STRICT_OBJC_MSGSEND = YES;
				ENABLE_TESTABILITY = YES;
				GCC_C_LANGUAGE_STANDARD = gnu11;
				GCC_DYNAMIC_NO_PIC = NO;
				GCC_NO_COMMON_BLOCKS = YES;
				GCC_OPTIMIZATION_LEVEL = 0;
				GCC_PREPROCESSOR_DEFINITIONS = (
					"DEBUG=1",
					"$(inherited)",
				);
				GCC_WARN_64_TO_32_BIT_CONVERSION = YES;
				GCC_WARN_ABOUT_RETURN_TYPE = YES_ERROR;
				GCC_WARN_UNDECLARED_SELECTOR = YES;
				GCC_WARN_UNINITIALIZED_AUTOS = YES_AGGRESSIVE;
				GCC_WARN_UNUSED_FUNCTION = YES;
				GCC_WARN_UNUSED_VARIABLE = YES;
				IPHONEOS_DEPLOYMENT_TARGET = 15.2;
				MTL_ENABLE_DEBUG_INFO = INCLUDE_SOURCE;
				MTL_FAST_MATH = YES;
				ONLY_ACTIVE_ARCH = YES;
				SDKROOT = iphoneos;
				SWIFT_ACTIVE_COMPILATION_CONDITIONS = DEBUG;
				SWIFT_OPTIMIZATION_LEVEL = "-Onone";
			};
			name = Debug;
		};
		49A7BF76280EAAFE00643067 /* Release */ = {
			isa = XCBuildConfiguration;
			buildSettings = {
				ALWAYS_SEARCH_USER_PATHS = NO;
				CLANG_ANALYZER_NONNULL = YES;
				CLANG_ANALYZER_NUMBER_OBJECT_CONVERSION = YES_AGGRESSIVE;
				CLANG_CXX_LANGUAGE_STANDARD = "gnu++17";
				CLANG_CXX_LIBRARY = "libc++";
				CLANG_ENABLE_MODULES = YES;
				CLANG_ENABLE_OBJC_ARC = YES;
				CLANG_ENABLE_OBJC_WEAK = YES;
				CLANG_WARN_BLOCK_CAPTURE_AUTORELEASING = YES;
				CLANG_WARN_BOOL_CONVERSION = YES;
				CLANG_WARN_COMMA = YES;
				CLANG_WARN_CONSTANT_CONVERSION = YES;
				CLANG_WARN_DEPRECATED_OBJC_IMPLEMENTATIONS = YES;
				CLANG_WARN_DIRECT_OBJC_ISA_USAGE = YES_ERROR;
				CLANG_WARN_DOCUMENTATION_COMMENTS = YES;
				CLANG_WARN_EMPTY_BODY = YES;
				CLANG_WARN_ENUM_CONVERSION = YES;
				CLANG_WARN_INFINITE_RECURSION = YES;
				CLANG_WARN_INT_CONVERSION = YES;
				CLANG_WARN_NON_LITERAL_NULL_CONVERSION = YES;
				CLANG_WARN_OBJC_IMPLICIT_RETAIN_SELF = YES;
				CLANG_WARN_OBJC_LITERAL_CONVERSION = YES;
				CLANG_WARN_OBJC_ROOT_CLASS = YES_ERROR;
				CLANG_WARN_QUOTED_INCLUDE_IN_FRAMEWORK_HEADER = YES;
				CLANG_WARN_RANGE_LOOP_ANALYSIS = YES;
				CLANG_WARN_STRICT_PROTOTYPES = YES;
				CLANG_WARN_SUSPICIOUS_MOVE = YES;
				CLANG_WARN_UNGUARDED_AVAILABILITY = YES_AGGRESSIVE;
				CLANG_WARN_UNREACHABLE_CODE = YES;
				CLANG_WARN__DUPLICATE_METHOD_MATCH = YES;
				COPY_PHASE_STRIP = NO;
				DEBUG_INFORMATION_FORMAT = "dwarf-with-dsym";
				ENABLE_NS_ASSERTIONS = NO;
				ENABLE_STRICT_OBJC_MSGSEND = YES;
				GCC_C_LANGUAGE_STANDARD = gnu11;
				GCC_NO_COMMON_BLOCKS = YES;
				GCC_WARN_64_TO_32_BIT_CONVERSION = YES;
				GCC_WARN_ABOUT_RETURN_TYPE = YES_ERROR;
				GCC_WARN_UNDECLARED_SELECTOR = YES;
				GCC_WARN_UNINITIALIZED_AUTOS = YES_AGGRESSIVE;
				GCC_WARN_UNUSED_FUNCTION = YES;
				GCC_WARN_UNUSED_VARIABLE = YES;
				IPHONEOS_DEPLOYMENT_TARGET = 15.2;
				MTL_ENABLE_DEBUG_INFO = NO;
				MTL_FAST_MATH = YES;
				SDKROOT = iphoneos;
				SWIFT_COMPILATION_MODE = wholemodule;
				SWIFT_OPTIMIZATION_LEVEL = "-O";
				VALIDATE_PRODUCT = YES;
			};
			name = Release;
		};
		49A7BF78280EAAFE00643067 /* Debug */ = {
			isa = XCBuildConfiguration;
			baseConfigurationReference = B5BFD1A6181F02C83356BBE8 /* Pods-Chatty.debug.xcconfig */;
			buildSettings = {
				ASSETCATALOG_COMPILER_APPICON_NAME = AppIcon;
				ASSETCATALOG_COMPILER_GLOBAL_ACCENT_COLOR_NAME = AccentColor;
				CODE_SIGN_STYLE = Automatic;
				CURRENT_PROJECT_VERSION = 1;
				DEVELOPMENT_TEAM = 5FHRCZ4748;
				GENERATE_INFOPLIST_FILE = YES;
				INFOPLIST_FILE = Chatty/Info.plist;
				INFOPLIST_KEY_UIApplicationSupportsIndirectInputEvents = YES;
				INFOPLIST_KEY_UILaunchStoryboardName = LaunchScreen;
				INFOPLIST_KEY_UIMainStoryboardFile = Main;
				INFOPLIST_KEY_UISupportedInterfaceOrientations_iPad = "UIInterfaceOrientationPortrait UIInterfaceOrientationPortraitUpsideDown UIInterfaceOrientationLandscapeLeft UIInterfaceOrientationLandscapeRight";
				INFOPLIST_KEY_UISupportedInterfaceOrientations_iPhone = "UIInterfaceOrientationPortrait UIInterfaceOrientationLandscapeLeft UIInterfaceOrientationLandscapeRight";
				IPHONEOS_DEPLOYMENT_TARGET = 13.0;
				LD_RUNPATH_SEARCH_PATHS = (
					"$(inherited)",
					"@executable_path/Frameworks",
				);
				MARKETING_VERSION = 1.0;
				PRODUCT_BUNDLE_IDENTIFIER = josty11.Chatty;
				PRODUCT_NAME = "$(TARGET_NAME)";
				SWIFT_EMIT_LOC_STRINGS = YES;
				SWIFT_VERSION = 5.0;
				TARGETED_DEVICE_FAMILY = 1;
			};
			name = Debug;
		};
		49A7BF79280EAAFE00643067 /* Release */ = {
			isa = XCBuildConfiguration;
			baseConfigurationReference = CF0D7C246642EE902E8B2EB7 /* Pods-Chatty.release.xcconfig */;
			buildSettings = {
				ASSETCATALOG_COMPILER_APPICON_NAME = AppIcon;
				ASSETCATALOG_COMPILER_GLOBAL_ACCENT_COLOR_NAME = AccentColor;
				CODE_SIGN_STYLE = Automatic;
				CURRENT_PROJECT_VERSION = 1;
				DEVELOPMENT_TEAM = 5FHRCZ4748;
				GENERATE_INFOPLIST_FILE = YES;
				INFOPLIST_FILE = Chatty/Info.plist;
				INFOPLIST_KEY_UIApplicationSupportsIndirectInputEvents = YES;
				INFOPLIST_KEY_UILaunchStoryboardName = LaunchScreen;
				INFOPLIST_KEY_UIMainStoryboardFile = Main;
				INFOPLIST_KEY_UISupportedInterfaceOrientations_iPad = "UIInterfaceOrientationPortrait UIInterfaceOrientationPortraitUpsideDown UIInterfaceOrientationLandscapeLeft UIInterfaceOrientationLandscapeRight";
				INFOPLIST_KEY_UISupportedInterfaceOrientations_iPhone = "UIInterfaceOrientationPortrait UIInterfaceOrientationLandscapeLeft UIInterfaceOrientationLandscapeRight";
				IPHONEOS_DEPLOYMENT_TARGET = 13.0;
				LD_RUNPATH_SEARCH_PATHS = (
					"$(inherited)",
					"@executable_path/Frameworks",
				);
				MARKETING_VERSION = 1.0;
				PRODUCT_BUNDLE_IDENTIFIER = josty11.Chatty;
				PRODUCT_NAME = "$(TARGET_NAME)";
				SWIFT_EMIT_LOC_STRINGS = YES;
				SWIFT_VERSION = 5.0;
				TARGETED_DEVICE_FAMILY = 1;
			};
			name = Release;
		};
/* End XCBuildConfiguration section */

/* Begin XCConfigurationList section */
		49A7BF5E280EAAF900643067 /* Build configuration list for PBXProject "Chatty" */ = {
			isa = XCConfigurationList;
			buildConfigurations = (
				49A7BF75280EAAFE00643067 /* Debug */,
				49A7BF76280EAAFE00643067 /* Release */,
			);
			defaultConfigurationIsVisible = 0;
			defaultConfigurationName = Release;
		};
		49A7BF77280EAAFE00643067 /* Build configuration list for PBXNativeTarget "Chatty" */ = {
			isa = XCConfigurationList;
			buildConfigurations = (
				49A7BF78280EAAFE00643067 /* Debug */,
				49A7BF79280EAAFE00643067 /* Release */,
			);
			defaultConfigurationIsVisible = 0;
			defaultConfigurationName = Release;
		};
/* End XCConfigurationList section */
	};
	rootObject = 49A7BF5B280EAAF900643067 /* Project object */;
}
